
Microsoft Visual Studio Solution File, Format Version 12.00
# Visual Studio 15
VisualStudioVersion = 15.0.28307.271
MinimumVisualStudioVersion = 10.0.40219.1
Project("{9A19103F-16F7-4668-BE54-9A1E7A4F7556}") = "Lemon-WebApp", "Lemon-WebApp\Lemon-WebApp.csproj", "{0234D5F5-DDE8-4C15-A557-69DB87930F6B}"
EndProject
Global
	GlobalSection(SolutionConfigurationPlatforms) = preSolution
		Debug|Any CPU = Debug|Any CPU
		Release|Any CPU = Release|Any CPU
	EndGlobalSection
	GlobalSection(ProjectConfigurationPlatforms) = postSolution
		{0234D5F5-DDE8-4C15-A557-69DB87930F6B}.Debug|Any CPU.ActiveCfg = Debug|Any CPU
		{0234D5F5-DDE8-4C15-A557-69DB87930F6B}.Debug|Any CPU.Build.0 = Debug|Any CPU
		{0234D5F5-DDE8-4C15-A557-69DB87930F6B}.Release|Any CPU.ActiveCfg = Release|Any CPU
		{0234D5F5-DDE8-4C15-A557-69DB87930F6B}.Release|Any CPU.Build.0 = Release|Any CPU
	EndGlobalSection
	GlobalSection(SolutionProperties) = preSolution
		HideSolutionNode = FALSE
	EndGlobalSection
	GlobalSection(ExtensibilityGlobals) = postSolution
		SolutionGuid = {2E15BA01-7F84-4592-AC71-A69E4C690D79}
	EndGlobalSection
EndGlobal
