
Microsoft Visual Studio Solution File, Format Version 12.00
# Visual Studio 15
VisualStudioVersion = 15.0.26124.0
MinimumVisualStudioVersion = 15.0.26124.0
Project("{9A19103F-16F7-4668-BE54-9A1E7A4F7556}") = "LudoWebApi", "LudoWebApi\LudoWebApi.csproj", "{582B766B-CB4A-44A2-B85F-48991174E931}"
EndProject
Project("{9A19103F-16F7-4668-BE54-9A1E7A4F7556}") = "LudoGameEngine", "LudoGameEngine\LudoGameEngine.csproj", "{8CDD25E4-DCDC-419D-A1C0-0C464CF2EC84}"
EndProject
Project("{FAE04EC0-301F-11D3-BF4B-00C04F79EFBC}") = "SQLDatabaseTests", "SQLDatabaseTests\SQLDatabaseTests.csproj", "{D9C9C1E6-FF7F-432E-A5DE-110FEB18E9D1}"
EndProject
Global
	GlobalSection(SolutionConfigurationPlatforms) = preSolution
		Debug|Any CPU = Debug|Any CPU
		Release|Any CPU = Release|Any CPU
	EndGlobalSection
	GlobalSection(ProjectConfigurationPlatforms) = postSolution
		{582B766B-CB4A-44A2-B85F-48991174E931}.Debug|Any CPU.ActiveCfg = Debug|Any CPU
		{582B766B-CB4A-44A2-B85F-48991174E931}.Debug|Any CPU.Build.0 = Debug|Any CPU
		{582B766B-CB4A-44A2-B85F-48991174E931}.Release|Any CPU.ActiveCfg = Release|Any CPU
		{582B766B-CB4A-44A2-B85F-48991174E931}.Release|Any CPU.Build.0 = Release|Any CPU
		{8CDD25E4-DCDC-419D-A1C0-0C464CF2EC84}.Debug|Any CPU.ActiveCfg = Debug|Any CPU
		{8CDD25E4-DCDC-419D-A1C0-0C464CF2EC84}.Debug|Any CPU.Build.0 = Debug|Any CPU
		{8CDD25E4-DCDC-419D-A1C0-0C464CF2EC84}.Release|Any CPU.ActiveCfg = Release|Any CPU
		{8CDD25E4-DCDC-419D-A1C0-0C464CF2EC84}.Release|Any CPU.Build.0 = Release|Any CPU
		{D9C9C1E6-FF7F-432E-A5DE-110FEB18E9D1}.Debug|Any CPU.ActiveCfg = Debug|Any CPU
		{D9C9C1E6-FF7F-432E-A5DE-110FEB18E9D1}.Debug|Any CPU.Build.0 = Debug|Any CPU
		{D9C9C1E6-FF7F-432E-A5DE-110FEB18E9D1}.Release|Any CPU.ActiveCfg = Release|Any CPU
		{D9C9C1E6-FF7F-432E-A5DE-110FEB18E9D1}.Release|Any CPU.Build.0 = Release|Any CPU
	EndGlobalSection
	GlobalSection(SolutionProperties) = preSolution
		HideSolutionNode = FALSE
	EndGlobalSection
	GlobalSection(ExtensibilityGlobals) = postSolution
		SolutionGuid = {D1684EDB-40F0-40E1-B50F-7D9A29484371}
	EndGlobalSection
EndGlobal
